// !$*UTF8*$!
{
	archiveVersion = 1;
	classes = {
	};
	objectVersion = 46;
	objects = {

/* Begin PBXBuildFile section */
		FC74DDDF1D9C1ED000E4539C /* AppDelegate.swift in Sources */ = {isa = PBXBuildFile; fileRef = FC74DDDE1D9C1ED000E4539C /* AppDelegate.swift */; };
		FC74DDE11D9C1ED000E4539C /* ViewController.swift in Sources */ = {isa = PBXBuildFile; fileRef = FC74DDE01D9C1ED000E4539C /* ViewController.swift */; };
		FC74DDE41D9C1ED000E4539C /* Main.storyboard in Resources */ = {isa = PBXBuildFile; fileRef = FC74DDE21D9C1ED000E4539C /* Main.storyboard */; };
		FC74DDE61D9C1ED000E4539C /* Assets.xcassets in Resources */ = {isa = PBXBuildFile; fileRef = FC74DDE51D9C1ED000E4539C /* Assets.xcassets */; };
		FC74DDE91D9C1ED000E4539C /* LaunchScreen.storyboard in Resources */ = {isa = PBXBuildFile; fileRef = FC74DDE71D9C1ED000E4539C /* LaunchScreen.storyboard */; };
/* End PBXBuildFile section */

/* Begin PBXFileReference section */
		FC74DDDB1D9C1ED000E4539C /* Fizz Buzz.app */ = {isa = PBXFileReference; explicitFileType = wrapper.application; includeInIndex = 0; path = "Fizz Buzz.app"; sourceTree = BUILT_PRODUCTS_DIR; };
		FC74DDDE1D9C1ED000E4539C /* AppDelegate.swift */ = {isa = PBXFileReference; lastKnownFileType = sourcecode.swift; path = AppDelegate.swift; sourceTree = "<group>"; };
		FC74DDE01D9C1ED000E4539C /* ViewController.swift */ = {isa = PBXFileReference; lastKnownFileType = sourcecode.swift; path = ViewController.swift; sourceTree = "<group>"; };
		FC74DDE31D9C1ED000E4539C /* Base */ = {isa = PBXFileReference; lastKnownFileType = file.storyboard; name = Base; path = Base.lproj/Main.storyboard; sourceTree = "<group>"; };
		FC74DDE51D9C1ED000E4539C /* Assets.xcassets */ = {isa = PBXFileReference; lastKnownFileType = folder.assetcatalog; path = Assets.xcassets; sourceTree = "<group>"; };
		FC74DDE81D9C1ED000E4539C /* Base */ = {isa = PBXFileReference; lastKnownFileType = file.storyboard; name = Base; path = Base.lproj/LaunchScreen.storyboard; sourceTree = "<group>"; };
		FC74DDEA1D9C1ED000E4539C /* Info.plist */ = {isa = PBXFileReference; lastKnownFileType = text.plist.xml; path = Info.plist; sourceTree = "<group>"; };
/* End PBXFileReference section */

/* Begin PBXFrameworksBuildPhase section */
		FC74DDD81D9C1ED000E4539C /* Frameworks */ = {
			isa = PBXFrameworksBuildPhase;
			buildActionMask = 2147483647;
			files = (
			);
			runOnlyForDeploymentPostprocessing = 0;
		};
/* End PBXFrameworksBuildPhase section */

/* Begin PBXGroup section */
		FC74DDD21D9C1ED000E4539C = {
			isa = PBXGroup;
			children = (
				FC74DDDD1D9C1ED000E4539C /* Fizz Buzz */,
				FC74DDDC1D9C1ED000E4539C /* Products */,
			);
			sourceTree = "<group>";
		};
		FC74DDDC1D9C1ED000E4539C /* Products */ = {
			isa = PBXGroup;
			children = (
				FC74DDDB1D9C1ED000E4539C /* Fizz Buzz.app */,
			);
			name = Products;
			sourceTree = "<group>";
		};
		FC74DDDD1D9C1ED000E4539C /* Fizz Buzz */ = {
			isa = PBXGroup;
			children = (
				FC74DDDE1D9C1ED000E4539C /* AppDelegate.swift */,
				FC74DDE01D9C1ED000E4539C /* ViewController.swift */,
				FC74DDE21D9C1ED000E4539C /* Main.storyboard */,
				FC74DDE51D9C1ED000E4539C /* Assets.xcassets */,
				FC74DDE71D9C1ED000E4539C /* LaunchScreen.storyboard */,
				FC74DDEA1D9C1ED000E4539C /* Info.plist */,
			);
			path = "Fizz Buzz";
			sourceTree = "<group>";
		};
/* End PBXGroup section */

/* Begin PBXNativeTarget section */
		FC74DDDA1D9C1ED000E4539C /* Fizz Buzz */ = {
			isa = PBXNativeTarget;
			buildConfigurationList = FC74DDED1D9C1ED000E4539C /* Build configuration list for PBXNativeTarget "Fizz Buzz" */;
			buildPhases = (
				FC74DDD71D9C1ED000E4539C /* Sources */,
				FC74DDD81D9C1ED000E4539C /* Frameworks */,
				FC74DDD91D9C1ED000E4539C /* Resources */,
			);
			buildRules = (
			);
			dependencies = (
			);
			name = "Fizz Buzz";
			productName = "Fizz Buzz";
			productReference = FC74DDDB1D9C1ED000E4539C /* Fizz Buzz.app */;
			productType = "com.apple.product-type.application";
		};
/* End PBXNativeTarget section */

/* Begin PBXProject section */
		FC74DDD31D9C1ED000E4539C /* Project object */ = {
			isa = PBXProject;
			attributes = {
				LastSwiftUpdateCheck = 0730;
				LastUpgradeCheck = 0730;
				ORGANIZATIONNAME = "Alexandra Kelly ";
				TargetAttributes = {
					FC74DDDA1D9C1ED000E4539C = {
						CreatedOnToolsVersion = 7.3.1;
						DevelopmentTeam = Y85KCE9SN8;
						LastSwiftMigration = 0800;
					};
				};
			};
			buildConfigurationList = FC74DDD61D9C1ED000E4539C /* Build configuration list for PBXProject "Fizz Buzz" */;
			compatibilityVersion = "Xcode 3.2";
			developmentRegion = English;
			hasScannedForEncodings = 0;
			knownRegions = (
				en,
				Base,
			);
			mainGroup = FC74DDD21D9C1ED000E4539C;
			productRefGroup = FC74DDDC1D9C1ED000E4539C /* Products */;
			projectDirPath = "";
			projectRoot = "";
			targets = (
				FC74DDDA1D9C1ED000E4539C /* Fizz Buzz */,
			);
		};
/* End PBXProject section */

/* Begin PBXResourcesBuildPhase section */
		FC74DDD91D9C1ED000E4539C /* Resources */ = {
			isa = PBXResourcesBuildPhase;
			buildActionMask = 2147483647;
			files = (
				FC74DDE91D9C1ED000E4539C /* LaunchScreen.storyboard in Resources */,
				FC74DDE61D9C1ED000E4539C /* Assets.xcassets in Resources */,
				FC74DDE41D9C1ED000E4539C /* Main.storyboard in Resources */,
			);
			runOnlyForDeploymentPostprocessing = 0;
		};
/* End PBXResourcesBuildPhase section */

/* Begin PBXSourcesBuildPhase section */
		FC74DDD71D9C1ED000E4539C /* Sources */ = {
			isa = PBXSourcesBuildPhase;
			buildActionMask = 2147483647;
			files = (
				FC74DDE11D9C1ED000E4539C /* ViewController.swift in Sources */,
				FC74DDDF1D9C1ED000E4539C /* AppDelegate.swift in Sources */,
			);
			runOnlyForDeploymentPostprocessing = 0;
		};
/* End PBXSourcesBuildPhase section */

/* Begin PBXVariantGroup section */
		FC74DDE21D9C1ED000E4539C /* Main.storyboard */ = {
			isa = PBXVariantGroup;
			children = (
				FC74DDE31D9C1ED000E4539C /* Base */,
			);
			name = Main.storyboard;
			sourceTree = "<group>";
		};
		FC74DDE71D9C1ED000E4539C /* LaunchScreen.storyboard */ = {
			isa = PBXVariantGroup;
			children = (
				FC74DDE81D9C1ED000E4539C /* Base */,
			);
			name = LaunchScreen.storyboard;
			sourceTree = "<group>";
		};
/* End PBXVariantGroup section */

/* Begin XCBuildConfiguration section */
		FC74DDEB1D9C1ED000E4539C /* Debug */ = {
			isa = XCBuildConfiguration;
			buildSettings = {
				ALWAYS_SEARCH_USER_PATHS = NO;
				CLANG_ANALYZER_NONNULL = YES;
				CLANG_CXX_LANGUAGE_STANDARD = "gnu++0x";
				CLANG_CXX_LIBRARY = "libc++";
				CLANG_ENABLE_MODULES = YES;
				CLANG_ENABLE_OBJC_ARC = YES;
				CLANG_WARN_BOOL_CONVERSION = YES;
				CLANG_WARN_CONSTANT_CONVERSION = YES;
				CLANG_WARN_DIRECT_OBJC_ISA_USAGE = YES_ERROR;
				CLANG_WARN_EMPTY_BODY = YES;
				CLANG_WARN_ENUM_CONVERSION = YES;
				CLANG_WARN_INT_CONVERSION = YES;
				CLANG_WARN_OBJC_ROOT_CLASS = YES_ERROR;
				CLANG_WARN_UNREACHABLE_CODE = YES;
				CLANG_WARN__DUPLICATE_METHOD_MATCH = YES;
				"CODE_SIGN_IDENTITY[sdk=iphoneos*]" = "iPhone Developer";
				COPY_PHASE_STRIP = NO;
				DEBUG_INFORMATION_FORMAT = dwarf;
				ENABLE_STRICT_OBJC_MSGSEND = YES;
				ENABLE_TESTABILITY = YES;
				GCC_C_LANGUAGE_STANDARD = gnu99;
				GCC_DYNAMIC_NO_PIC = NO;
				GCC_NO_COMMON_BLOCKS = YES;
				GCC_OPTIMIZATION_LEVEL = 0;
				GCC_PREPROCESSOR_DEFINITIONS = (
					"DEBUG=1",
					"$(inherited)",
				);
				GCC_WARN_64_TO_32_BIT_CONVERSION = YES;
				GCC_WARN_ABOUT_RETURN_TYPE = YES_ERROR;
				GCC_WARN_UNDECLARED_SELECTOR = YES;
				GCC_WARN_UNINITIALIZED_AUTOS = YES_AGGRESSIVE;
				GCC_WARN_UNUSED_FUNCTION = YES;
				GCC_WARN_UNUSED_VARIABLE = YES;
				IPHONEOS_DEPLOYMENT_TARGET = 9.3;
				MTL_ENABLE_DEBUG_INFO = YES;
				ONLY_ACTIVE_ARCH = YES;
				SDKROOT = iphoneos;
				SWIFT_OPTIMIZATION_LEVEL = "-Onone";
				TARGETED_DEVICE_FAMILY = "1,2";
			};
			name = Debug;
		};
		FC74DDEC1D9C1ED000E4539C /* Release */ = {
			isa = XCBuildConfiguration;
			buildSettings = {
				ALWAYS_SEARCH_USER_PATHS = NO;
				CLANG_ANALYZER_NONNULL = YES;
				CLANG_CXX_LANGUAGE_STANDARD = "gnu++0x";
				CLANG_CXX_LIBRARY = "libc++";
				CLANG_ENABLE_MODULES = YES;
				CLANG_ENABLE_OBJC_ARC = YES;
				CLANG_WARN_BOOL_CONVERSION = YES;
				CLANG_WARN_CONSTANT_CONVERSION = YES;
				CLANG_WARN_DIRECT_OBJC_ISA_USAGE = YES_ERROR;
				CLANG_WARN_EMPTY_BODY = YES;
				CLANG_WARN_ENUM_CONVERSION = YES;
				CLANG_WARN_INT_CONVERSION = YES;
				CLANG_WARN_OBJC_ROOT_CLASS = YES_ERROR;
				CLANG_WARN_UNREACHABLE_CODE = YES;
				CLANG_WARN__DUPLICATE_METHOD_MATCH = YES;
				"CODE_SIGN_IDENTITY[sdk=iphoneos*]" = "iPhone Developer";
				COPY_PHASE_STRIP = NO;
				DEBUG_INFORMATION_FORMAT = "dwarf-with-dsym";
				ENABLE_NS_ASSERTIONS = NO;
				ENABLE_STRICT_OBJC_MSGSEND = YES;
				GCC_C_LANGUAGE_STANDARD = gnu99;
				GCC_NO_COMMON_BLOCKS = YES;
				GCC_WARN_64_TO_32_BIT_CONVERSION = YES;
				GCC_WARN_ABOUT_RETURN_TYPE = YES_ERROR;
				GCC_WARN_UNDECLARED_SELECTOR = YES;
				GCC_WARN_UNINITIALIZED_AUTOS = YES_AGGRESSIVE;
				GCC_WARN_UNUSED_FUNCTION = YES;
				GCC_WARN_UNUSED_VARIABLE = YES;
				IPHONEOS_DEPLOYMENT_TARGET = 9.3;
				MTL_ENABLE_DEBUG_INFO = NO;
				SDKROOT = iphoneos;
				TARGETED_DEVICE_FAMILY = "1,2";
				VALIDATE_PRODUCT = YES;
			};
			name = Release;
		};
		FC74DDEE1D9C1ED000E4539C /* Debug */ = {
			isa = XCBuildConfiguration;
			buildSettings = {
				ASSETCATALOG_COMPILER_APPICON_NAME = AppIcon;
				CODE_SIGN_IDENTITY = "iPhone Developer";
				"CODE_SIGN_IDENTITY[sdk=iphoneos*]" = "iPhone Developer";
				INFOPLIST_FILE = "Fizz Buzz/Info.plist";
				LD_RUNPATH_SEARCH_PATHS = "$(inherited) @executable_path/Frameworks";
				PRODUCT_BUNDLE_IDENTIFIER = "Alexkelly.Fizz-Buzz";
				PRODUCT_NAME = "$(TARGET_NAME)";
				PROVISIONING_PROFILE = "";
				SWIFT_VERSION = 3.0;
			};
			name = Debug;
		};
		FC74DDEF1D9C1ED000E4539C /* Release */ = {
			isa = XCBuildConfiguration;
			buildSettings = {
				ASSETCATALOG_COMPILER_APPICON_NAME = AppIcon;
				CODE_SIGN_IDENTITY = "iPhone Developer";
				"CODE_SIGN_IDENTITY[sdk=iphoneos*]" = "iPhone Developer";
				INFOPLIST_FILE = "Fizz Buzz/Info.plist";
				LD_RUNPATH_SEARCH_PATHS = "$(inherited) @executable_path/Frameworks";
				PRODUCT_BUNDLE_IDENTIFIER = "Alexkelly.Fizz-Buzz";
				PRODUCT_NAME = "$(TARGET_NAME)";
				PROVISIONING_PROFILE = "";
				SWIFT_VERSION = 3.0;
			};
			name = Release;
		};
/* End XCBuildConfiguration section */

/* Begin XCConfigurationList section */
		FC74DDD61D9C1ED000E4539C /* Build configuration list for PBXProject "Fizz Buzz" */ = {
			isa = XCConfigurationList;
			buildConfigurations = (
				FC74DDEB1D9C1ED000E4539C /* Debug */,
				FC74DDEC1D9C1ED000E4539C /* Release */,
			);
			defaultConfigurationIsVisible = 0;
			defaultConfigurationName = Release;
		};
		FC74DDED1D9C1ED000E4539C /* Build configuration list for PBXNativeTarget "Fizz Buzz" */ = {
			isa = XCConfigurationList;
			buildConfigurations = (
				FC74DDEE1D9C1ED000E4539C /* Debug */,
				FC74DDEF1D9C1ED000E4539C /* Release */,
			);
			defaultConfigurationIsVisible = 0;
			defaultConfigurationName = Release;
		};
/* End XCConfigurationList section */
	};
	rootObject = FC74DDD31D9C1ED000E4539C /* Project object */;
}
